
Microsoft Visual Studio Solution File, Format Version 12.00
# Visual Studio Version 17
VisualStudioVersion = 17.5.33424.131
MinimumVisualStudioVersion = 10.0.40219.1
Project("{8BC9CEB8-8B4A-11D0-8D11-00A0C91BC942}") = "058_Pointer", "058_Pointer\058_Pointer.vcxproj", "{B2958C92-B0F4-4048-8A26-014E913770A1}"
EndProject
Project("{8BC9CEB8-8B4A-11D0-8D11-00A0C91BC942}") = "pointer2", "pointer2\pointer2.vcxproj", "{B6DBBAA9-F20E-4128-96F1-941C61430218}"
EndProject
Project("{8BC9CEB8-8B4A-11D0-8D11-00A0C91BC942}") = "pointer3", "pointer3\pointer3.vcxproj", "{434DE023-DC86-4979-B8EB-9F3342BAAC3F}"
EndProject
Project("{8BC9CEB8-8B4A-11D0-8D11-00A0C91BC942}") = "pointer4", "pointer4\pointer4.vcxproj", "{3D01C01E-0AA5-4789-9302-982E8FE9D5FA}"
EndProject
Project("{8BC9CEB8-8B4A-11D0-8D11-00A0C91BC942}") = "pointer5", "pointer5\pointer5.vcxproj", "{CCCB9B2E-D02F-4C46-9ED7-09F84F88FC27}"
EndProject
Global
	GlobalSection(SolutionConfigurationPlatforms) = preSolution
		Debug|x64 = Debug|x64
		Debug|x86 = Debug|x86
		Release|x64 = Release|x64
		Release|x86 = Release|x86
	EndGlobalSection
	GlobalSection(ProjectConfigurationPlatforms) = postSolution
		{B2958C92-B0F4-4048-8A26-014E913770A1}.Debug|x64.ActiveCfg = Debug|x64
		{B2958C92-B0F4-4048-8A26-014E913770A1}.Debug|x64.Build.0 = Debug|x64
		{B2958C92-B0F4-4048-8A26-014E913770A1}.Debug|x86.ActiveCfg = Debug|Win32
		{B2958C92-B0F4-4048-8A26-014E913770A1}.Debug|x86.Build.0 = Debug|Win32
		{B2958C92-B0F4-4048-8A26-014E913770A1}.Release|x64.ActiveCfg = Release|x64
		{B2958C92-B0F4-4048-8A26-014E913770A1}.Release|x64.Build.0 = Release|x64
		{B2958C92-B0F4-4048-8A26-014E913770A1}.Release|x86.ActiveCfg = Release|Win32
		{B2958C92-B0F4-4048-8A26-014E913770A1}.Release|x86.Build.0 = Release|Win32
		{B6DBBAA9-F20E-4128-96F1-941C61430218}.Debug|x64.ActiveCfg = Debug|x64
		{B6DBBAA9-F20E-4128-96F1-941C61430218}.Debug|x64.Build.0 = Debug|x64
		{B6DBBAA9-F20E-4128-96F1-941C61430218}.Debug|x86.ActiveCfg = Debug|Win32
		{B6DBBAA9-F20E-4128-96F1-941C61430218}.Debug|x86.Build.0 = Debug|Win32
		{B6DBBAA9-F20E-4128-96F1-941C61430218}.Release|x64.ActiveCfg = Release|x64
		{B6DBBAA9-F20E-4128-96F1-941C61430218}.Release|x64.Build.0 = Release|x64
		{B6DBBAA9-F20E-4128-96F1-941C61430218}.Release|x86.ActiveCfg = Release|Win32
		{B6DBBAA9-F20E-4128-96F1-941C61430218}.Release|x86.Build.0 = Release|Win32
		{434DE023-DC86-4979-B8EB-9F3342BAAC3F}.Debug|x64.ActiveCfg = Debug|x64
		{434DE023-DC86-4979-B8EB-9F3342BAAC3F}.Debug|x64.Build.0 = Debug|x64
		{434DE023-DC86-4979-B8EB-9F3342BAAC3F}.Debug|x86.ActiveCfg = Debug|Win32
		{434DE023-DC86-4979-B8EB-9F3342BAAC3F}.Debug|x86.Build.0 = Debug|Win32
		{434DE023-DC86-4979-B8EB-9F3342BAAC3F}.Release|x64.ActiveCfg = Release|x64
		{434DE023-DC86-4979-B8EB-9F3342BAAC3F}.Release|x64.Build.0 = Release|x64
		{434DE023-DC86-4979-B8EB-9F3342BAAC3F}.Release|x86.ActiveCfg = Release|Win32
		{434DE023-DC86-4979-B8EB-9F3342BAAC3F}.Release|x86.Build.0 = Release|Win32
		{3D01C01E-0AA5-4789-9302-982E8FE9D5FA}.Debug|x64.ActiveCfg = Debug|x64
		{3D01C01E-0AA5-4789-9302-982E8FE9D5FA}.Debug|x64.Build.0 = Debug|x64
		{3D01C01E-0AA5-4789-9302-982E8FE9D5FA}.Debug|x86.ActiveCfg = Debug|Win32
		{3D01C01E-0AA5-4789-9302-982E8FE9D5FA}.Debug|x86.Build.0 = Debug|Win32
		{3D01C01E-0AA5-4789-9302-982E8FE9D5FA}.Release|x64.ActiveCfg = Release|x64
		{3D01C01E-0AA5-4789-9302-982E8FE9D5FA}.Release|x64.Build.0 = Release|x64
		{3D01C01E-0AA5-4789-9302-982E8FE9D5FA}.Release|x86.ActiveCfg = Release|Win32
		{3D01C01E-0AA5-4789-9302-982E8FE9D5FA}.Release|x86.Build.0 = Release|Win32
		{CCCB9B2E-D02F-4C46-9ED7-09F84F88FC27}.Debug|x64.ActiveCfg = Debug|x64
		{CCCB9B2E-D02F-4C46-9ED7-09F84F88FC27}.Debug|x64.Build.0 = Debug|x64
		{CCCB9B2E-D02F-4C46-9ED7-09F84F88FC27}.Debug|x86.ActiveCfg = Debug|Win32
		{CCCB9B2E-D02F-4C46-9ED7-09F84F88FC27}.Debug|x86.Build.0 = Debug|Win32
		{CCCB9B2E-D02F-4C46-9ED7-09F84F88FC27}.Release|x64.ActiveCfg = Release|x64
		{CCCB9B2E-D02F-4C46-9ED7-09F84F88FC27}.Release|x64.Build.0 = Release|x64
		{CCCB9B2E-D02F-4C46-9ED7-09F84F88FC27}.Release|x86.ActiveCfg = Release|Win32
		{CCCB9B2E-D02F-4C46-9ED7-09F84F88FC27}.Release|x86.Build.0 = Release|Win32
	EndGlobalSection
	GlobalSection(SolutionProperties) = preSolution
		HideSolutionNode = FALSE
	EndGlobalSection
	GlobalSection(ExtensibilityGlobals) = postSolution
		SolutionGuid = {3F135466-54CD-4504-90C2-F49D83C68BB3}
	EndGlobalSection
EndGlobal
